
Microsoft Visual Studio Solution File, Format Version 12.00
# Visual Studio Version 16
VisualStudioVersion = 16.0.29709.97
MinimumVisualStudioVersion = 10.0.40219.1
Project("{8BC9CEB8-8B4A-11D0-8D11-00A0C91BC942}") = "Windows Management System", "Windows Management System.vcxproj", "{A5872FA5-959A-4C12-B387-AB3CE3C140AE}"
EndProject
Global
	GlobalSection(SolutionConfigurationPlatforms) = preSolution
		Debug|x64 = Debug|x64
		Debug|x86 = Debug|x86
		Release|x64 = Release|x64
		Release|x86 = Release|x86
	EndGlobalSection
	GlobalSection(ProjectConfigurationPlatforms) = postSolution
		{A5872FA5-959A-4C12-B387-AB3CE3C140AE}.Debug|x64.ActiveCfg = Debug|x64
		{A5872FA5-959A-4C12-B387-AB3CE3C140AE}.Debug|x64.Build.0 = Debug|x64
		{A5872FA5-959A-4C12-B387-AB3CE3C140AE}.Debug|x86.ActiveCfg = Debug|Win32
		{A5872FA5-959A-4C12-B387-AB3CE3C140AE}.Debug|x86.Build.0 = Debug|Win32
		{A5872FA5-959A-4C12-B387-AB3CE3C140AE}.Release|x64.ActiveCfg = Release|x64
		{A5872FA5-959A-4C12-B387-AB3CE3C140AE}.Release|x64.Build.0 = Release|x64
		{A5872FA5-959A-4C12-B387-AB3CE3C140AE}.Release|x86.ActiveCfg = Debug|Win32
		{A5872FA5-959A-4C12-B387-AB3CE3C140AE}.Release|x86.Build.0 = Debug|Win32
	EndGlobalSection
	GlobalSection(SolutionProperties) = preSolution
		HideSolutionNode = FALSE
	EndGlobalSection
	GlobalSection(ExtensibilityGlobals) = postSolution
		SolutionGuid = {1EEED3B1-4699-41FF-9FFA-CF7BA32D44B1}
	EndGlobalSection
EndGlobal
